// !$*UTF8*$!
{
	archiveVersion = 1;
	classes = {
	};
	objectVersion = 50;
	objects = {

/* Begin PBXBuildFile section */
		AD2DCC6E21A7F0F8008C28ED /* AppDelegate.m in Sources */ = {isa = PBXBuildFile; fileRef = AD2DCC6D21A7F0F8008C28ED /* AppDelegate.m */; };
		AD2DCC7121A7F0F8008C28ED /* ViewController.m in Sources */ = {isa = PBXBuildFile; fileRef = AD2DCC7021A7F0F8008C28ED /* ViewController.m */; };
		AD2DCC7421A7F0F8008C28ED /* Main.storyboard in Resources */ = {isa = PBXBuildFile; fileRef = AD2DCC7221A7F0F8008C28ED /* Main.storyboard */; };
		AD2DCC7621A7F0FC008C28ED /* Assets.xcassets in Resources */ = {isa = PBXBuildFile; fileRef = AD2DCC7521A7F0FC008C28ED /* Assets.xcassets */; };
		AD2DCC7921A7F0FC008C28ED /* LaunchScreen.storyboard in Resources */ = {isa = PBXBuildFile; fileRef = AD2DCC7721A7F0FC008C28ED /* LaunchScreen.storyboard */; };
		AD2DCC7C21A7F0FC008C28ED /* main.m in Sources */ = {isa = PBXBuildFile; fileRef = AD2DCC7B21A7F0FC008C28ED /* main.m */; };
		AD2DCC8621A7F0FC008C28ED /* KChartsTests.m in Sources */ = {isa = PBXBuildFile; fileRef = AD2DCC8521A7F0FC008C28ED /* KChartsTests.m */; };
		AD2DCC9121A7F0FC008C28ED /* KChartsUITests.m in Sources */ = {isa = PBXBuildFile; fileRef = AD2DCC9021A7F0FC008C28ED /* KChartsUITests.m */; };
		AD2DCCA521A7F199008C28ED /* UITableView+SDAutoTableViewCellHeight.m in Sources */ = {isa = PBXBuildFile; fileRef = AD2DCCA221A7F199008C28ED /* UITableView+SDAutoTableViewCellHeight.m */; };
		AD2DCCA621A7F19A008C28ED /* UIView+SDAutoLayout.m in Sources */ = {isa = PBXBuildFile; fileRef = AD2DCCA421A7F199008C28ED /* UIView+SDAutoLayout.m */; };
		AD2DCCA921A7F1C9008C28ED /* QuesResultCellView.m in Sources */ = {isa = PBXBuildFile; fileRef = AD2DCCA821A7F1C9008C28ED /* QuesResultCellView.m */; };
		AD2DCCAC21A7F204008C28ED /* QuesModel.m in Sources */ = {isa = PBXBuildFile; fileRef = AD2DCCAB21A7F204008C28ED /* QuesModel.m */; };
		AD2DCCD521A7F263008C28ED /* ChooseChartTypeView.m in Sources */ = {isa = PBXBuildFile; fileRef = AD2DCCD421A7F263008C28ED /* ChooseChartTypeView.m */; };
		AD2DCCD821A7F325008C28ED /* OptionModel.m in Sources */ = {isa = PBXBuildFile; fileRef = AD2DCCD721A7F325008C28ED /* OptionModel.m */; };
		AD2DCCEB21A7F4B8008C28ED /* bridging-Header.swift in Sources */ = {isa = PBXBuildFile; fileRef = AD2DCCEA21A7F4B8008C28ED /* bridging-Header.swift */; };
		AD2DCD3221A7FC74008C28ED /* ContentCollectionViewCell.m in Sources */ = {isa = PBXBuildFile; fileRef = AD2DCD1C21A7FC74008C28ED /* ContentCollectionViewCell.m */; };
		AD2DCD3321A7FC74008C28ED /* JContentTableView.m in Sources */ = {isa = PBXBuildFile; fileRef = AD2DCD1E21A7FC74008C28ED /* JContentTableView.m */; };
		AD2DCD3421A7FC74008C28ED /* JContentTableViewCell.m in Sources */ = {isa = PBXBuildFile; fileRef = AD2DCD2021A7FC74008C28ED /* JContentTableViewCell.m */; };
		AD2DCD3521A7FC74008C28ED /* JoeExcelView.m in Sources */ = {isa = PBXBuildFile; fileRef = AD2DCD2321A7FC74008C28ED /* JoeExcelView.m */; };
		AD2DCD3621A7FC74008C28ED /* TopCollectionView.m in Sources */ = {isa = PBXBuildFile; fileRef = AD2DCD2821A7FC74008C28ED /* TopCollectionView.m */; };
		AD2DCD3721A7FC74008C28ED /* TopCollectionViewCell.m in Sources */ = {isa = PBXBuildFile; fileRef = AD2DCD2A21A7FC74008C28ED /* TopCollectionViewCell.m */; };
		AD2DCD3A21A81638008C28ED /* ic_survey_triangle.png in Resources */ = {isa = PBXBuildFile; fileRef = AD2DCD3921A81638008C28ED /* ic_survey_triangle.png */; };
		AD2DCD3B21A8166A008C28ED /* Charts.framework in Frameworks */ = {isa = PBXBuildFile; fileRef = AD2DCCE021A7F46B008C28ED /* Charts.framework */; };
		AD2DCD3C21A8166A008C28ED /* Charts.framework in Embed Frameworks */ = {isa = PBXBuildFile; fileRef = AD2DCCE021A7F46B008C28ED /* Charts.framework */; settings = {ATTRIBUTES = (CodeSignOnCopy, RemoveHeadersOnCopy, ); }; };
/* End PBXBuildFile section */

/* Begin PBXContainerItemProxy section */
		AD2DCC8221A7F0FC008C28ED /* PBXContainerItemProxy */ = {
			isa = PBXContainerItemProxy;
			containerPortal = AD2DCC6121A7F0F8008C28ED /* Project object */;
			proxyType = 1;
			remoteGlobalIDString = AD2DCC6821A7F0F8008C28ED;
			remoteInfo = KCharts;
		};
		AD2DCC8D21A7F0FC008C28ED /* PBXContainerItemProxy */ = {
			isa = PBXContainerItemProxy;
			containerPortal = AD2DCC6121A7F0F8008C28ED /* Project object */;
			proxyType = 1;
			remoteGlobalIDString = AD2DCC6821A7F0F8008C28ED;
			remoteInfo = KCharts;
		};
		AD2DCCDF21A7F46B008C28ED /* PBXContainerItemProxy */ = {
			isa = PBXContainerItemProxy;
			containerPortal = AD2DCCDA21A7F46B008C28ED /* Charts.xcodeproj */;
			proxyType = 2;
			remoteGlobalIDString = 65AD9E95D9ED4DC0BD73A743;
			remoteInfo = Charts;
		};
		AD2DCCE121A7F46B008C28ED /* PBXContainerItemProxy */ = {
			isa = PBXContainerItemProxy;
			containerPortal = AD2DCCDA21A7F46B008C28ED /* Charts.xcodeproj */;
			proxyType = 2;
			remoteGlobalIDString = 1CBBC58C6CE1EBEE9852CE41;
			remoteInfo = ChartsTests;
		};
		AD2DCD3D21A8166A008C28ED /* PBXContainerItemProxy */ = {
			isa = PBXContainerItemProxy;
			containerPortal = AD2DCCDA21A7F46B008C28ED /* Charts.xcodeproj */;
			proxyType = 1;
			remoteGlobalIDString = A58A4ED274A941CA248EA921;
			remoteInfo = Charts;
		};
/* End PBXContainerItemProxy section */

/* Begin PBXCopyFilesBuildPhase section */
		AD2DCD3F21A8166A008C28ED /* Embed Frameworks */ = {
			isa = PBXCopyFilesBuildPhase;
			buildActionMask = 2147483647;
			dstPath = "";
			dstSubfolderSpec = 10;
			files = (
				AD2DCD3C21A8166A008C28ED /* Charts.framework in Embed Frameworks */,
			);
			name = "Embed Frameworks";
			runOnlyForDeploymentPostprocessing = 0;
		};
/* End PBXCopyFilesBuildPhase section */

/* Begin PBXFileReference section */
		AD2DCC6921A7F0F8008C28ED /* KCharts.app */ = {isa = PBXFileReference; explicitFileType = wrapper.application; includeInIndex = 0; path = KCharts.app; sourceTree = BUILT_PRODUCTS_DIR; };
		AD2DCC6C21A7F0F8008C28ED /* AppDelegate.h */ = {isa = PBXFileReference; lastKnownFileType = sourcecode.c.h; path = AppDelegate.h; sourceTree = "<group>"; };
		AD2DCC6D21A7F0F8008C28ED /* AppDelegate.m */ = {isa = PBXFileReference; lastKnownFileType = sourcecode.c.objc; path = AppDelegate.m; sourceTree = "<group>"; };
		AD2DCC6F21A7F0F8008C28ED /* ViewController.h */ = {isa = PBXFileReference; lastKnownFileType = sourcecode.c.h; path = ViewController.h; sourceTree = "<group>"; };
		AD2DCC7021A7F0F8008C28ED /* ViewController.m */ = {isa = PBXFileReference; lastKnownFileType = sourcecode.c.objc; path = ViewController.m; sourceTree = "<group>"; };
		AD2DCC7321A7F0F8008C28ED /* Base */ = {isa = PBXFileReference; lastKnownFileType = file.storyboard; name = Base; path = Base.lproj/Main.storyboard; sourceTree = "<group>"; };
		AD2DCC7521A7F0FC008C28ED /* Assets.xcassets */ = {isa = PBXFileReference; lastKnownFileType = folder.assetcatalog; path = Assets.xcassets; sourceTree = "<group>"; };
		AD2DCC7821A7F0FC008C28ED /* Base */ = {isa = PBXFileReference; lastKnownFileType = file.storyboard; name = Base; path = Base.lproj/LaunchScreen.storyboard; sourceTree = "<group>"; };
		AD2DCC7A21A7F0FC008C28ED /* Info.plist */ = {isa = PBXFileReference; lastKnownFileType = text.plist.xml; path = Info.plist; sourceTree = "<group>"; };
		AD2DCC7B21A7F0FC008C28ED /* main.m */ = {isa = PBXFileReference; lastKnownFileType = sourcecode.c.objc; path = main.m; sourceTree = "<group>"; };
		AD2DCC8121A7F0FC008C28ED /* KChartsTests.xctest */ = {isa = PBXFileReference; explicitFileType = wrapper.cfbundle; includeInIndex = 0; path = KChartsTests.xctest; sourceTree = BUILT_PRODUCTS_DIR; };
		AD2DCC8521A7F0FC008C28ED /* KChartsTests.m */ = {isa = PBXFileReference; lastKnownFileType = sourcecode.c.objc; path = KChartsTests.m; sourceTree = "<group>"; };
		AD2DCC8721A7F0FC008C28ED /* Info.plist */ = {isa = PBXFileReference; lastKnownFileType = text.plist.xml; path = Info.plist; sourceTree = "<group>"; };
		AD2DCC8C21A7F0FC008C28ED /* KChartsUITests.xctest */ = {isa = PBXFileReference; explicitFileType = wrapper.cfbundle; includeInIndex = 0; path = KChartsUITests.xctest; sourceTree = BUILT_PRODUCTS_DIR; };
		AD2DCC9021A7F0FC008C28ED /* KChartsUITests.m */ = {isa = PBXFileReference; lastKnownFileType = sourcecode.c.objc; path = KChartsUITests.m; sourceTree = "<group>"; };
		AD2DCC9221A7F0FC008C28ED /* Info.plist */ = {isa = PBXFileReference; lastKnownFileType = text.plist.xml; path = Info.plist; sourceTree = "<group>"; };
		AD2DCCA021A7F199008C28ED /* SDAutoLayout.h */ = {isa = PBXFileReference; fileEncoding = 4; lastKnownFileType = sourcecode.c.h; path = SDAutoLayout.h; sourceTree = "<group>"; };
		AD2DCCA121A7F199008C28ED /* UITableView+SDAutoTableViewCellHeight.h */ = {isa = PBXFileReference; fileEncoding = 4; lastKnownFileType = sourcecode.c.h; path = "UITableView+SDAutoTableViewCellHeight.h"; sourceTree = "<group>"; };
		AD2DCCA221A7F199008C28ED /* UITableView+SDAutoTableViewCellHeight.m */ = {isa = PBXFileReference; fileEncoding = 4; lastKnownFileType = sourcecode.c.objc; path = "UITableView+SDAutoTableViewCellHeight.m"; sourceTree = "<group>"; };
		AD2DCCA321A7F199008C28ED /* UIView+SDAutoLayout.h */ = {isa = PBXFileReference; fileEncoding = 4; lastKnownFileType = sourcecode.c.h; path = "UIView+SDAutoLayout.h"; sourceTree = "<group>"; };
		AD2DCCA421A7F199008C28ED /* UIView+SDAutoLayout.m */ = {isa = PBXFileReference; fileEncoding = 4; lastKnownFileType = sourcecode.c.objc; path = "UIView+SDAutoLayout.m"; sourceTree = "<group>"; };
		AD2DCCA721A7F1C9008C28ED /* QuesResultCellView.h */ = {isa = PBXFileReference; lastKnownFileType = sourcecode.c.h; path = QuesResultCellView.h; sourceTree = "<group>"; };
		AD2DCCA821A7F1C9008C28ED /* QuesResultCellView.m */ = {isa = PBXFileReference; lastKnownFileType = sourcecode.c.objc; path = QuesResultCellView.m; sourceTree = "<group>"; };
		AD2DCCAA21A7F204008C28ED /* QuesModel.h */ = {isa = PBXFileReference; lastKnownFileType = sourcecode.c.h; path = QuesModel.h; sourceTree = "<group>"; };
		AD2DCCAB21A7F204008C28ED /* QuesModel.m */ = {isa = PBXFileReference; lastKnownFileType = sourcecode.c.objc; path = QuesModel.m; sourceTree = "<group>"; };
		AD2DCCD321A7F263008C28ED /* ChooseChartTypeView.h */ = {isa = PBXFileReference; lastKnownFileType = sourcecode.c.h; path = ChooseChartTypeView.h; sourceTree = "<group>"; };
		AD2DCCD421A7F263008C28ED /* ChooseChartTypeView.m */ = {isa = PBXFileReference; lastKnownFileType = sourcecode.c.objc; path = ChooseChartTypeView.m; sourceTree = "<group>"; };
		AD2DCCD621A7F325008C28ED /* OptionModel.h */ = {isa = PBXFileReference; lastKnownFileType = sourcecode.c.h; path = OptionModel.h; sourceTree = "<group>"; };
		AD2DCCD721A7F325008C28ED /* OptionModel.m */ = {isa = PBXFileReference; lastKnownFileType = sourcecode.c.objc; path = OptionModel.m; sourceTree = "<group>"; };
		AD2DCCDA21A7F46B008C28ED /* Charts.xcodeproj */ = {isa = PBXFileReference; lastKnownFileType = "wrapper.pb-project"; name = Charts.xcodeproj; path = "Charts-master/Charts.xcodeproj"; sourceTree = SOURCE_ROOT; };
		AD2DCCE921A7F4B8008C28ED /* KCharts-Bridging-Header.h */ = {isa = PBXFileReference; lastKnownFileType = sourcecode.c.h; path = "KCharts-Bridging-Header.h"; sourceTree = "<group>"; };
		AD2DCCEA21A7F4B8008C28ED /* bridging-Header.swift */ = {isa = PBXFileReference; lastKnownFileType = sourcecode.swift; path = "bridging-Header.swift"; sourceTree = "<group>"; };
		AD2DCD1B21A7FC74008C28ED /* ContentCollectionViewCell.h */ = {isa = PBXFileReference; fileEncoding = 4; lastKnownFileType = sourcecode.c.h; path = ContentCollectionViewCell.h; sourceTree = "<group>"; };
		AD2DCD1C21A7FC74008C28ED /* ContentCollectionViewCell.m */ = {isa = PBXFileReference; fileEncoding = 4; lastKnownFileType = sourcecode.c.objc; path = ContentCollectionViewCell.m; sourceTree = "<group>"; };
		AD2DCD1D21A7FC74008C28ED /* JContentTableView.h */ = {isa = PBXFileReference; fileEncoding = 4; lastKnownFileType = sourcecode.c.h; path = JContentTableView.h; sourceTree = "<group>"; };
		AD2DCD1E21A7FC74008C28ED /* JContentTableView.m */ = {isa = PBXFileReference; fileEncoding = 4; lastKnownFileType = sourcecode.c.objc; path = JContentTableView.m; sourceTree = "<group>"; };
		AD2DCD1F21A7FC74008C28ED /* JContentTableViewCell.h */ = {isa = PBXFileReference; fileEncoding = 4; lastKnownFileType = sourcecode.c.h; path = JContentTableViewCell.h; sourceTree = "<group>"; };
		AD2DCD2021A7FC74008C28ED /* JContentTableViewCell.m */ = {isa = PBXFileReference; fileEncoding = 4; lastKnownFileType = sourcecode.c.objc; path = JContentTableViewCell.m; sourceTree = "<group>"; };
		AD2DCD2121A7FC74008C28ED /* JoeExcel.h */ = {isa = PBXFileReference; fileEncoding = 4; lastKnownFileType = sourcecode.c.h; path = JoeExcel.h; sourceTree = "<group>"; };
		AD2DCD2221A7FC74008C28ED /* JoeExcelView.h */ = {isa = PBXFileReference; fileEncoding = 4; lastKnownFileType = sourcecode.c.h; path = JoeExcelView.h; sourceTree = "<group>"; };
		AD2DCD2321A7FC74008C28ED /* JoeExcelView.m */ = {isa = PBXFileReference; fileEncoding = 4; lastKnownFileType = sourcecode.c.objc; path = JoeExcelView.m; sourceTree = "<group>"; };
		AD2DCD2721A7FC74008C28ED /* TopCollectionView.h */ = {isa = PBXFileReference; fileEncoding = 4; lastKnownFileType = sourcecode.c.h; path = TopCollectionView.h; sourceTree = "<group>"; };
		AD2DCD2821A7FC74008C28ED /* TopCollectionView.m */ = {isa = PBXFileReference; fileEncoding = 4; lastKnownFileType = sourcecode.c.objc; path = TopCollectionView.m; sourceTree = "<group>"; };
		AD2DCD2921A7FC74008C28ED /* TopCollectionViewCell.h */ = {isa = PBXFileReference; fileEncoding = 4; lastKnownFileType = sourcecode.c.h; path = TopCollectionViewCell.h; sourceTree = "<group>"; };
		AD2DCD2A21A7FC74008C28ED /* TopCollectionViewCell.m */ = {isa = PBXFileReference; fileEncoding = 4; lastKnownFileType = sourcecode.c.objc; path = TopCollectionViewCell.m; sourceTree = "<group>"; };
		AD2DCD3921A81638008C28ED /* ic_survey_triangle.png */ = {isa = PBXFileReference; lastKnownFileType = image.png; name = ic_survey_triangle.png; path = "../../../项目/srdb_iOS/srdb-iphone/srdb-iphone/Image/Topic/ic_survey_triangle.png"; sourceTree = "<group>"; };
/* End PBXFileReference section */

/* Begin PBXFrameworksBuildPhase section */
		AD2DCC6621A7F0F8008C28ED /* Frameworks */ = {
			isa = PBXFrameworksBuildPhase;
			buildActionMask = 2147483647;
			files = (
				AD2DCD3B21A8166A008C28ED /* Charts.framework in Frameworks */,
			);
			runOnlyForDeploymentPostprocessing = 0;
		};
		AD2DCC7E21A7F0FC008C28ED /* Frameworks */ = {
			isa = PBXFrameworksBuildPhase;
			buildActionMask = 2147483647;
			files = (
			);
			runOnlyForDeploymentPostprocessing = 0;
		};
		AD2DCC8921A7F0FC008C28ED /* Frameworks */ = {
			isa = PBXFrameworksBuildPhase;
			buildActionMask = 2147483647;
			files = (
			);
			runOnlyForDeploymentPostprocessing = 0;
		};
/* End PBXFrameworksBuildPhase section */

/* Begin PBXGroup section */
		AD2DCC6021A7F0F8008C28ED = {
			isa = PBXGroup;
			children = (
				AD2DCC6B21A7F0F8008C28ED /* KCharts */,
				AD2DCC8421A7F0FC008C28ED /* KChartsTests */,
				AD2DCC8F21A7F0FC008C28ED /* KChartsUITests */,
				AD2DCC6A21A7F0F8008C28ED /* Products */,
			);
			sourceTree = "<group>";
		};
		AD2DCC6A21A7F0F8008C28ED /* Products */ = {
			isa = PBXGroup;
			children = (
				AD2DCC6921A7F0F8008C28ED /* KCharts.app */,
				AD2DCC8121A7F0FC008C28ED /* KChartsTests.xctest */,
				AD2DCC8C21A7F0FC008C28ED /* KChartsUITests.xctest */,
			);
			name = Products;
			sourceTree = "<group>";
		};
		AD2DCC6B21A7F0F8008C28ED /* KCharts */ = {
			isa = PBXGroup;
			children = (
				AD2DCD1221A7FC74008C28ED /* JoeExcelView */,
				AD2DCCD921A7F447008C28ED /* chartsLib */,
				AD2DCC9F21A7F199008C28ED /* SDAutoLayout */,
				AD2DCC6C21A7F0F8008C28ED /* AppDelegate.h */,
				AD2DCC6D21A7F0F8008C28ED /* AppDelegate.m */,
				AD2DCC6F21A7F0F8008C28ED /* ViewController.h */,
				AD2DCC7021A7F0F8008C28ED /* ViewController.m */,
				AD2DCCA721A7F1C9008C28ED /* QuesResultCellView.h */,
				AD2DCCA821A7F1C9008C28ED /* QuesResultCellView.m */,
				AD2DCCAA21A7F204008C28ED /* QuesModel.h */,
				AD2DCCAB21A7F204008C28ED /* QuesModel.m */,
				AD2DCCD321A7F263008C28ED /* ChooseChartTypeView.h */,
				AD2DCCD421A7F263008C28ED /* ChooseChartTypeView.m */,
				AD2DCCD621A7F325008C28ED /* OptionModel.h */,
				AD2DCCD721A7F325008C28ED /* OptionModel.m */,
				AD2DCC7221A7F0F8008C28ED /* Main.storyboard */,
				AD2DCC7521A7F0FC008C28ED /* Assets.xcassets */,
				AD2DCC7721A7F0FC008C28ED /* LaunchScreen.storyboard */,
				AD2DCC7A21A7F0FC008C28ED /* Info.plist */,
				AD2DCC7B21A7F0FC008C28ED /* main.m */,
				AD2DCD3921A81638008C28ED /* ic_survey_triangle.png */,
				AD2DCCEA21A7F4B8008C28ED /* bridging-Header.swift */,
				AD2DCCE921A7F4B8008C28ED /* KCharts-Bridging-Header.h */,
			);
			path = KCharts;
			sourceTree = "<group>";
		};
		AD2DCC8421A7F0FC008C28ED /* KChartsTests */ = {
			isa = PBXGroup;
			children = (
				AD2DCC8521A7F0FC008C28ED /* KChartsTests.m */,
				AD2DCC8721A7F0FC008C28ED /* Info.plist */,
			);
			path = KChartsTests;
			sourceTree = "<group>";
		};
		AD2DCC8F21A7F0FC008C28ED /* KChartsUITests */ = {
			isa = PBXGroup;
			children = (
				AD2DCC9021A7F0FC008C28ED /* KChartsUITests.m */,
				AD2DCC9221A7F0FC008C28ED /* Info.plist */,
			);
			path = KChartsUITests;
			sourceTree = "<group>";
		};
		AD2DCC9F21A7F199008C28ED /* SDAutoLayout */ = {
			isa = PBXGroup;
			children = (
				AD2DCCA021A7F199008C28ED /* SDAutoLayout.h */,
				AD2DCCA121A7F199008C28ED /* UITableView+SDAutoTableViewCellHeight.h */,
				AD2DCCA221A7F199008C28ED /* UITableView+SDAutoTableViewCellHeight.m */,
				AD2DCCA321A7F199008C28ED /* UIView+SDAutoLayout.h */,
				AD2DCCA421A7F199008C28ED /* UIView+SDAutoLayout.m */,
			);
			name = SDAutoLayout;
			path = "../../../项目/srdb_iOS/srdb-iphone/srdb-iphone/SDAutoLayout";
			sourceTree = "<group>";
		};
		AD2DCCD921A7F447008C28ED /* chartsLib */ = {
			isa = PBXGroup;
			children = (
				AD2DCCE321A7F47C008C28ED /* chartsLib */,
			);
			path = chartsLib;
			sourceTree = "<group>";
		};
		AD2DCCDB21A7F46B008C28ED /* Products */ = {
			isa = PBXGroup;
			children = (
				AD2DCCE021A7F46B008C28ED /* Charts.framework */,
				AD2DCCE221A7F46B008C28ED /* ChartsTests.xctest */,
			);
			name = Products;
			sourceTree = "<group>";
		};
		AD2DCCE321A7F47C008C28ED /* chartsLib */ = {
			isa = PBXGroup;
			children = (
				AD2DCCDA21A7F46B008C28ED /* Charts.xcodeproj */,
			);
			name = chartsLib;
			sourceTree = "<group>";
		};
		AD2DCD1221A7FC74008C28ED /* JoeExcelView */ = {
			isa = PBXGroup;
			children = (
				AD2DCD1321A7FC74008C28ED /* JoeExcelView */,
			);
			name = JoeExcelView;
			path = ../../../../Downloads/JoeExcelView;
			sourceTree = "<group>";
		};
		AD2DCD1321A7FC74008C28ED /* JoeExcelView */ = {
			isa = PBXGroup;
			children = (
				AD2DCD1B21A7FC74008C28ED /* ContentCollectionViewCell.h */,
				AD2DCD1C21A7FC74008C28ED /* ContentCollectionViewCell.m */,
				AD2DCD1D21A7FC74008C28ED /* JContentTableView.h */,
				AD2DCD1E21A7FC74008C28ED /* JContentTableView.m */,
				AD2DCD1F21A7FC74008C28ED /* JContentTableViewCell.h */,
				AD2DCD2021A7FC74008C28ED /* JContentTableViewCell.m */,
				AD2DCD2121A7FC74008C28ED /* JoeExcel.h */,
				AD2DCD2221A7FC74008C28ED /* JoeExcelView.h */,
				AD2DCD2321A7FC74008C28ED /* JoeExcelView.m */,
				AD2DCD2721A7FC74008C28ED /* TopCollectionView.h */,
				AD2DCD2821A7FC74008C28ED /* TopCollectionView.m */,
				AD2DCD2921A7FC74008C28ED /* TopCollectionViewCell.h */,
				AD2DCD2A21A7FC74008C28ED /* TopCollectionViewCell.m */,
			);
			path = JoeExcelView;
			sourceTree = "<group>";
		};
/* End PBXGroup section */

/* Begin PBXNativeTarget section */
		AD2DCC6821A7F0F8008C28ED /* KCharts */ = {
			isa = PBXNativeTarget;
			buildConfigurationList = AD2DCC9521A7F0FC008C28ED /* Build configuration list for PBXNativeTarget "KCharts" */;
			buildPhases = (
				AD2DCC6521A7F0F8008C28ED /* Sources */,
				AD2DCC6621A7F0F8008C28ED /* Frameworks */,
				AD2DCC6721A7F0F8008C28ED /* Resources */,
				AD2DCD3F21A8166A008C28ED /* Embed Frameworks */,
			);
			buildRules = (
			);
			dependencies = (
				AD2DCD3E21A8166A008C28ED /* PBXTargetDependency */,
			);
			name = KCharts;
			productName = KCharts;
			productReference = AD2DCC6921A7F0F8008C28ED /* KCharts.app */;
			productType = "com.apple.product-type.application";
		};
		AD2DCC8021A7F0FC008C28ED /* KChartsTests */ = {
			isa = PBXNativeTarget;
			buildConfigurationList = AD2DCC9821A7F0FC008C28ED /* Build configuration list for PBXNativeTarget "KChartsTests" */;
			buildPhases = (
				AD2DCC7D21A7F0FC008C28ED /* Sources */,
				AD2DCC7E21A7F0FC008C28ED /* Frameworks */,
				AD2DCC7F21A7F0FC008C28ED /* Resources */,
			);
			buildRules = (
			);
			dependencies = (
				AD2DCC8321A7F0FC008C28ED /* PBXTargetDependency */,
			);
			name = KChartsTests;
			productName = KChartsTests;
			productReference = AD2DCC8121A7F0FC008C28ED /* KChartsTests.xctest */;
			productType = "com.apple.product-type.bundle.unit-test";
		};
		AD2DCC8B21A7F0FC008C28ED /* KChartsUITests */ = {
			isa = PBXNativeTarget;
			buildConfigurationList = AD2DCC9B21A7F0FC008C28ED /* Build configuration list for PBXNativeTarget "KChartsUITests" */;
			buildPhases = (
				AD2DCC8821A7F0FC008C28ED /* Sources */,
				AD2DCC8921A7F0FC008C28ED /* Frameworks */,
				AD2DCC8A21A7F0FC008C28ED /* Resources */,
			);
			buildRules = (
			);
			dependencies = (
				AD2DCC8E21A7F0FC008C28ED /* PBXTargetDependency */,
			);
			name = KChartsUITests;
			productName = KChartsUITests;
			productReference = AD2DCC8C21A7F0FC008C28ED /* KChartsUITests.xctest */;
			productType = "com.apple.product-type.bundle.ui-testing";
		};
/* End PBXNativeTarget section */

/* Begin PBXProject section */
		AD2DCC6121A7F0F8008C28ED /* Project object */ = {
			isa = PBXProject;
			attributes = {
				LastUpgradeCheck = 1000;
				ORGANIZATIONNAME = K;
				TargetAttributes = {
					AD2DCC6821A7F0F8008C28ED = {
						CreatedOnToolsVersion = 10.0;
						LastSwiftMigration = 1000;
					};
					AD2DCC8021A7F0FC008C28ED = {
						CreatedOnToolsVersion = 10.0;
						TestTargetID = AD2DCC6821A7F0F8008C28ED;
					};
					AD2DCC8B21A7F0FC008C28ED = {
						CreatedOnToolsVersion = 10.0;
						TestTargetID = AD2DCC6821A7F0F8008C28ED;
					};
				};
			};
			buildConfigurationList = AD2DCC6421A7F0F8008C28ED /* Build configuration list for PBXProject "KCharts" */;
			compatibilityVersion = "Xcode 9.3";
			developmentRegion = en;
			hasScannedForEncodings = 0;
			knownRegions = (
				en,
				Base,
			);
			mainGroup = AD2DCC6021A7F0F8008C28ED;
			productRefGroup = AD2DCC6A21A7F0F8008C28ED /* Products */;
			projectDirPath = "";
			projectReferences = (
				{
					ProductGroup = AD2DCCDB21A7F46B008C28ED /* Products */;
					ProjectRef = AD2DCCDA21A7F46B008C28ED /* Charts.xcodeproj */;
				},
			);
			projectRoot = "";
			targets = (
				AD2DCC6821A7F0F8008C28ED /* KCharts */,
				AD2DCC8021A7F0FC008C28ED /* KChartsTests */,
				AD2DCC8B21A7F0FC008C28ED /* KChartsUITests */,
			);
		};
/* End PBXProject section */

/* Begin PBXReferenceProxy section */
		AD2DCCE021A7F46B008C28ED /* Charts.framework */ = {
			isa = PBXReferenceProxy;
			fileType = wrapper.framework;
			path = Charts.framework;
			remoteRef = AD2DCCDF21A7F46B008C28ED /* PBXContainerItemProxy */;
			sourceTree = BUILT_PRODUCTS_DIR;
		};
		AD2DCCE221A7F46B008C28ED /* ChartsTests.xctest */ = {
			isa = PBXReferenceProxy;
			fileType = wrapper.cfbundle;
			path = ChartsTests.xctest;
			remoteRef = AD2DCCE121A7F46B008C28ED /* PBXContainerItemProxy */;
			sourceTree = BUILT_PRODUCTS_DIR;
		};
/* End PBXReferenceProxy section */

/* Begin PBXResourcesBuildPhase section */
		AD2DCC6721A7F0F8008C28ED /* Resources */ = {
			isa = PBXResourcesBuildPhase;
			buildActionMask = 2147483647;
			files = (
				AD2DCC7921A7F0FC008C28ED /* LaunchScreen.storyboard in Resources */,
				AD2DCC7621A7F0FC008C28ED /* Assets.xcassets in Resources */,
				AD2DCC7421A7F0F8008C28ED /* Main.storyboard in Resources */,
				AD2DCD3A21A81638008C28ED /* ic_survey_triangle.png in Resources */,
			);
			runOnlyForDeploymentPostprocessing = 0;
		};
		AD2DCC7F21A7F0FC008C28ED /* Resources */ = {
			isa = PBXResourcesBuildPhase;
			buildActionMask = 2147483647;
			files = (
			);
			runOnlyForDeploymentPostprocessing = 0;
		};
		AD2DCC8A21A7F0FC008C28ED /* Resources */ = {
			isa = PBXResourcesBuildPhase;
			buildActionMask = 2147483647;
			files = (
			);
			runOnlyForDeploymentPostprocessing = 0;
		};
/* End PBXResourcesBuildPhase section */

/* Begin PBXSourcesBuildPhase section */
		AD2DCC6521A7F0F8008C28ED /* Sources */ = {
			isa = PBXSourcesBuildPhase;
			buildActionMask = 2147483647;
			files = (
				AD2DCD3321A7FC74008C28ED /* JContentTableView.m in Sources */,
				AD2DCC7121A7F0F8008C28ED /* ViewController.m in Sources */,
				AD2DCC7C21A7F0FC008C28ED /* main.m in Sources */,
				AD2DCCD821A7F325008C28ED /* OptionModel.m in Sources */,
				AD2DCCA521A7F199008C28ED /* UITableView+SDAutoTableViewCellHeight.m in Sources */,
				AD2DCD3221A7FC74008C28ED /* ContentCollectionViewCell.m in Sources */,
				AD2DCD3621A7FC74008C28ED /* TopCollectionView.m in Sources */,
				AD2DCD3721A7FC74008C28ED /* TopCollectionViewCell.m in Sources */,
				AD2DCC6E21A7F0F8008C28ED /* AppDelegate.m in Sources */,
				AD2DCD3521A7FC74008C28ED /* JoeExcelView.m in Sources */,
				AD2DCCD521A7F263008C28ED /* ChooseChartTypeView.m in Sources */,
				AD2DCCEB21A7F4B8008C28ED /* bridging-Header.swift in Sources */,
				AD2DCD3421A7FC74008C28ED /* JContentTableViewCell.m in Sources */,
				AD2DCCA621A7F19A008C28ED /* UIView+SDAutoLayout.m in Sources */,
				AD2DCCAC21A7F204008C28ED /* QuesModel.m in Sources */,
				AD2DCCA921A7F1C9008C28ED /* QuesResultCellView.m in Sources */,
			);
			runOnlyForDeploymentPostprocessing = 0;
		};
		AD2DCC7D21A7F0FC008C28ED /* Sources */ = {
			isa = PBXSourcesBuildPhase;
			buildActionMask = 2147483647;
			files = (
				AD2DCC8621A7F0FC008C28ED /* KChartsTests.m in Sources */,
			);
			runOnlyForDeploymentPostprocessing = 0;
		};
		AD2DCC8821A7F0FC008C28ED /* Sources */ = {
			isa = PBXSourcesBuildPhase;
			buildActionMask = 2147483647;
			files = (
				AD2DCC9121A7F0FC008C28ED /* KChartsUITests.m in Sources */,
			);
			runOnlyForDeploymentPostprocessing = 0;
		};
/* End PBXSourcesBuildPhase section */

/* Begin PBXTargetDependency section */
		AD2DCC8321A7F0FC008C28ED /* PBXTargetDependency */ = {
			isa = PBXTargetDependency;
			target = AD2DCC6821A7F0F8008C28ED /* KCharts */;
			targetProxy = AD2DCC8221A7F0FC008C28ED /* PBXContainerItemProxy */;
		};
		AD2DCC8E21A7F0FC008C28ED /* PBXTargetDependency */ = {
			isa = PBXTargetDependency;
			target = AD2DCC6821A7F0F8008C28ED /* KCharts */;
			targetProxy = AD2DCC8D21A7F0FC008C28ED /* PBXContainerItemProxy */;
		};
		AD2DCD3E21A8166A008C28ED /* PBXTargetDependency */ = {
			isa = PBXTargetDependency;
			name = Charts;
			targetProxy = AD2DCD3D21A8166A008C28ED /* PBXContainerItemProxy */;
		};
/* End PBXTargetDependency section */

/* Begin PBXVariantGroup section */
		AD2DCC7221A7F0F8008C28ED /* Main.storyboard */ = {
			isa = PBXVariantGroup;
			children = (
				AD2DCC7321A7F0F8008C28ED /* Base */,
			);
			name = Main.storyboard;
			sourceTree = "<group>";
		};
		AD2DCC7721A7F0FC008C28ED /* LaunchScreen.storyboard */ = {
			isa = PBXVariantGroup;
			children = (
				AD2DCC7821A7F0FC008C28ED /* Base */,
			);
			name = LaunchScreen.storyboard;
			sourceTree = "<group>";
		};
/* End PBXVariantGroup section */

/* Begin XCBuildConfiguration section */
		AD2DCC9321A7F0FC008C28ED /* Debug */ = {
			isa = XCBuildConfiguration;
			buildSettings = {
				ALWAYS_SEARCH_USER_PATHS = NO;
				CLANG_ANALYZER_NONNULL = YES;
				CLANG_ANALYZER_NUMBER_OBJECT_CONVERSION = YES_AGGRESSIVE;
				CLANG_CXX_LANGUAGE_STANDARD = "gnu++14";
				CLANG_CXX_LIBRARY = "libc++";
				CLANG_ENABLE_MODULES = YES;
				CLANG_ENABLE_OBJC_ARC = YES;
				CLANG_ENABLE_OBJC_WEAK = YES;
				CLANG_WARN_BLOCK_CAPTURE_AUTORELEASING = YES;
				CLANG_WARN_BOOL_CONVERSION = YES;
				CLANG_WARN_COMMA = YES;
				CLANG_WARN_CONSTANT_CONVERSION = YES;
				CLANG_WARN_DEPRECATED_OBJC_IMPLEMENTATIONS = YES;
				CLANG_WARN_DIRECT_OBJC_ISA_USAGE = YES_ERROR;
				CLANG_WARN_DOCUMENTATION_COMMENTS = YES;
				CLANG_WARN_EMPTY_BODY = YES;
				CLANG_WARN_ENUM_CONVERSION = YES;
				CLANG_WARN_INFINITE_RECURSION = YES;
				CLANG_WARN_INT_CONVERSION = YES;
				CLANG_WARN_NON_LITERAL_NULL_CONVERSION = YES;
				CLANG_WARN_OBJC_IMPLICIT_RETAIN_SELF = YES;
				CLANG_WARN_OBJC_LITERAL_CONVERSION = YES;
				CLANG_WARN_OBJC_ROOT_CLASS = YES_ERROR;
				CLANG_WARN_RANGE_LOOP_ANALYSIS = YES;
				CLANG_WARN_STRICT_PROTOTYPES = YES;
				CLANG_WARN_SUSPICIOUS_MOVE = YES;
				CLANG_WARN_UNGUARDED_AVAILABILITY = YES_AGGRESSIVE;
				CLANG_WARN_UNREACHABLE_CODE = YES;
				CLANG_WARN__DUPLICATE_METHOD_MATCH = YES;
				CODE_SIGN_IDENTITY = "iPhone Developer";
				COPY_PHASE_STRIP = NO;
				DEBUG_INFORMATION_FORMAT = dwarf;
				ENABLE_STRICT_OBJC_MSGSEND = YES;
				ENABLE_TESTABILITY = YES;
				GCC_C_LANGUAGE_STANDARD = gnu11;
				GCC_DYNAMIC_NO_PIC = NO;
				GCC_NO_COMMON_BLOCKS = YES;
				GCC_OPTIMIZATION_LEVEL = 0;
				GCC_PREPROCESSOR_DEFINITIONS = (
					"DEBUG=1",
					"$(inherited)",
				);
				GCC_WARN_64_TO_32_BIT_CONVERSION = YES;
				GCC_WARN_ABOUT_RETURN_TYPE = YES_ERROR;
				GCC_WARN_UNDECLARED_SELECTOR = YES;
				GCC_WARN_UNINITIALIZED_AUTOS = YES_AGGRESSIVE;
				GCC_WARN_UNUSED_FUNCTION = YES;
				GCC_WARN_UNUSED_VARIABLE = YES;
				IPHONEOS_DEPLOYMENT_TARGET = 12.0;
				MTL_ENABLE_DEBUG_INFO = INCLUDE_SOURCE;
				MTL_FAST_MATH = YES;
				ONLY_ACTIVE_ARCH = YES;
				SDKROOT = iphoneos;
			};
			name = Debug;
		};
		AD2DCC9421A7F0FC008C28ED /* Release */ = {
			isa = XCBuildConfiguration;
			buildSettings = {
				ALWAYS_SEARCH_USER_PATHS = NO;
				CLANG_ANALYZER_NONNULL = YES;
				CLANG_ANALYZER_NUMBER_OBJECT_CONVERSION = YES_AGGRESSIVE;
				CLANG_CXX_LANGUAGE_STANDARD = "gnu++14";
				CLANG_CXX_LIBRARY = "libc++";
				CLANG_ENABLE_MODULES = YES;
				CLANG_ENABLE_OBJC_ARC = YES;
				CLANG_ENABLE_OBJC_WEAK = YES;
				CLANG_WARN_BLOCK_CAPTURE_AUTORELEASING = YES;
				CLANG_WARN_BOOL_CONVERSION = YES;
				CLANG_WARN_COMMA = YES;
				CLANG_WARN_CONSTANT_CONVERSION = YES;
				CLANG_WARN_DEPRECATED_OBJC_IMPLEMENTATIONS = YES;
				CLANG_WARN_DIRECT_OBJC_ISA_USAGE = YES_ERROR;
				CLANG_WARN_DOCUMENTATION_COMMENTS = YES;
				CLANG_WARN_EMPTY_BODY = YES;
				CLANG_WARN_ENUM_CONVERSION = YES;
				CLANG_WARN_INFINITE_RECURSION = YES;
				CLANG_WARN_INT_CONVERSION = YES;
				CLANG_WARN_NON_LITERAL_NULL_CONVERSION = YES;
				CLANG_WARN_OBJC_IMPLICIT_RETAIN_SELF = YES;
				CLANG_WARN_OBJC_LITERAL_CONVERSION = YES;
				CLANG_WARN_OBJC_ROOT_CLASS = YES_ERROR;
				CLANG_WARN_RANGE_LOOP_ANALYSIS = YES;
				CLANG_WARN_STRICT_PROTOTYPES = YES;
				CLANG_WARN_SUSPICIOUS_MOVE = YES;
				CLANG_WARN_UNGUARDED_AVAILABILITY = YES_AGGRESSIVE;
				CLANG_WARN_UNREACHABLE_CODE = YES;
				CLANG_WARN__DUPLICATE_METHOD_MATCH = YES;
				CODE_SIGN_IDENTITY = "iPhone Developer";
				COPY_PHASE_STRIP = NO;
				DEBUG_INFORMATION_FORMAT = "dwarf-with-dsym";
				ENABLE_NS_ASSERTIONS = NO;
				ENABLE_STRICT_OBJC_MSGSEND = YES;
				GCC_C_LANGUAGE_STANDARD = gnu11;
				GCC_NO_COMMON_BLOCKS = YES;
				GCC_WARN_64_TO_32_BIT_CONVERSION = YES;
				GCC_WARN_ABOUT_RETURN_TYPE = YES_ERROR;
				GCC_WARN_UNDECLARED_SELECTOR = YES;
				GCC_WARN_UNINITIALIZED_AUTOS = YES_AGGRESSIVE;
				GCC_WARN_UNUSED_FUNCTION = YES;
				GCC_WARN_UNUSED_VARIABLE = YES;
				IPHONEOS_DEPLOYMENT_TARGET = 12.0;
				MTL_ENABLE_DEBUG_INFO = NO;
				MTL_FAST_MATH = YES;
				SDKROOT = iphoneos;
				VALIDATE_PRODUCT = YES;
			};
			name = Release;
		};
		AD2DCC9621A7F0FC008C28ED /* Debug */ = {
			isa = XCBuildConfiguration;
			buildSettings = {
				ALWAYS_EMBED_SWIFT_STANDARD_LIBRARIES = YES;
				ASSETCATALOG_COMPILER_APPICON_NAME = AppIcon;
				CLANG_ENABLE_MODULES = YES;
				CODE_SIGN_STYLE = Automatic;
				INFOPLIST_FILE = KCharts/Info.plist;
				LD_RUNPATH_SEARCH_PATHS = (
					"$(inherited)",
					"@executable_path/Frameworks",
				);
				PRODUCT_BUNDLE_IDENTIFIER = K.KCharts;
				PRODUCT_NAME = "$(TARGET_NAME)";
				SWIFT_OBJC_BRIDGING_HEADER = "KCharts/KCharts-Bridging-Header.h";
				SWIFT_OPTIMIZATION_LEVEL = "-Onone";
				SWIFT_VERSION = 4.2;
				TARGETED_DEVICE_FAMILY = "1,2";
			};
			name = Debug;
		};
		AD2DCC9721A7F0FC008C28ED /* Release */ = {
			isa = XCBuildConfiguration;
			buildSettings = {
				ALWAYS_EMBED_SWIFT_STANDARD_LIBRARIES = YES;
				ASSETCATALOG_COMPILER_APPICON_NAME = AppIcon;
				CLANG_ENABLE_MODULES = YES;
				CODE_SIGN_STYLE = Automatic;
				INFOPLIST_FILE = KCharts/Info.plist;
				LD_RUNPATH_SEARCH_PATHS = (
					"$(inherited)",
					"@executable_path/Frameworks",
				);
				PRODUCT_BUNDLE_IDENTIFIER = K.KCharts;
				PRODUCT_NAME = "$(TARGET_NAME)";
				SWIFT_OBJC_BRIDGING_HEADER = "KCharts/KCharts-Bridging-Header.h";
				SWIFT_VERSION = 4.2;
				TARGETED_DEVICE_FAMILY = "1,2";
			};
			name = Release;
		};
		AD2DCC9921A7F0FC008C28ED /* Debug */ = {
			isa = XCBuildConfiguration;
			buildSettings = {
				ALWAYS_EMBED_SWIFT_STANDARD_LIBRARIES = YES;
				BUNDLE_LOADER = "$(TEST_HOST)";
				CODE_SIGN_STYLE = Automatic;
				INFOPLIST_FILE = KChartsTests/Info.plist;
				LD_RUNPATH_SEARCH_PATHS = (
					"$(inherited)",
					"@executable_path/Frameworks",
					"@loader_path/Frameworks",
				);
				PRODUCT_BUNDLE_IDENTIFIER = K.KChartsTests;
				PRODUCT_NAME = "$(TARGET_NAME)";
				TARGETED_DEVICE_FAMILY = "1,2";
				TEST_HOST = "$(BUILT_PRODUCTS_DIR)/KCharts.app/KCharts";
			};
			name = Debug;
		};
		AD2DCC9A21A7F0FC008C28ED /* Release */ = {
			isa = XCBuildConfiguration;
			buildSettings = {
				ALWAYS_EMBED_SWIFT_STANDARD_LIBRARIES = YES;
				BUNDLE_LOADER = "$(TEST_HOST)";
				CODE_SIGN_STYLE = Automatic;
				INFOPLIST_FILE = KChartsTests/Info.plist;
				LD_RUNPATH_SEARCH_PATHS = (
					"$(inherited)",
					"@executable_path/Frameworks",
					"@loader_path/Frameworks",
				);
				PRODUCT_BUNDLE_IDENTIFIER = K.KChartsTests;
				PRODUCT_NAME = "$(TARGET_NAME)";
				TARGETED_DEVICE_FAMILY = "1,2";
				TEST_HOST = "$(BUILT_PRODUCTS_DIR)/KCharts.app/KCharts";
			};
			name = Release;
		};
		AD2DCC9C21A7F0FC008C28ED /* Debug */ = {
			isa = XCBuildConfiguration;
			buildSettings = {
				ALWAYS_EMBED_SWIFT_STANDARD_LIBRARIES = YES;
				CODE_SIGN_STYLE = Automatic;
				INFOPLIST_FILE = KChartsUITests/Info.plist;
				LD_RUNPATH_SEARCH_PATHS = (
					"$(inherited)",
					"@executable_path/Frameworks",
					"@loader_path/Frameworks",
				);
				PRODUCT_BUNDLE_IDENTIFIER = K.KChartsUITests;
				PRODUCT_NAME = "$(TARGET_NAME)";
				TARGETED_DEVICE_FAMILY = "1,2";
				TEST_TARGET_NAME = KCharts;
			};
			name = Debug;
		};
		AD2DCC9D21A7F0FC008C28ED /* Release */ = {
			isa = XCBuildConfiguration;
			buildSettings = {
				ALWAYS_EMBED_SWIFT_STANDARD_LIBRARIES = YES;
				CODE_SIGN_STYLE = Automatic;
				INFOPLIST_FILE = KChartsUITests/Info.plist;
				LD_RUNPATH_SEARCH_PATHS = (
					"$(inherited)",
					"@executable_path/Frameworks",
					"@loader_path/Frameworks",
				);
				PRODUCT_BUNDLE_IDENTIFIER = K.KChartsUITests;
				PRODUCT_NAME = "$(TARGET_NAME)";
				TARGETED_DEVICE_FAMILY = "1,2";
				TEST_TARGET_NAME = KCharts;
			};
			name = Release;
		};
/* End XCBuildConfiguration section */

/* Begin XCConfigurationList section */
		AD2DCC6421A7F0F8008C28ED /* Build configuration list for PBXProject "KCharts" */ = {
			isa = XCConfigurationList;
			buildConfigurations = (
				AD2DCC9321A7F0FC008C28ED /* Debug */,
				AD2DCC9421A7F0FC008C28ED /* Release */,
			);
			defaultConfigurationIsVisible = 0;
			defaultConfigurationName = Release;
		};
		AD2DCC9521A7F0FC008C28ED /* Build configuration list for PBXNativeTarget "KCharts" */ = {
			isa = XCConfigurationList;
			buildConfigurations = (
				AD2DCC9621A7F0FC008C28ED /* Debug */,
				AD2DCC9721A7F0FC008C28ED /* Release */,
			);
			defaultConfigurationIsVisible = 0;
			defaultConfigurationName = Release;
		};
		AD2DCC9821A7F0FC008C28ED /* Build configuration list for PBXNativeTarget "KChartsTests" */ = {
			isa = XCConfigurationList;
			buildConfigurations = (
				AD2DCC9921A7F0FC008C28ED /* Debug */,
				AD2DCC9A21A7F0FC008C28ED /* Release */,
			);
			defaultConfigurationIsVisible = 0;
			defaultConfigurationName = Release;
		};
		AD2DCC9B21A7F0FC008C28ED /* Build configuration list for PBXNativeTarget "KChartsUITests" */ = {
			isa = XCConfigurationList;
			buildConfigurations = (
				AD2DCC9C21A7F0FC008C28ED /* Debug */,
				AD2DCC9D21A7F0FC008C28ED /* Release */,
			);
			defaultConfigurationIsVisible = 0;
			defaultConfigurationName = Release;
		};
/* End XCConfigurationList section */
	};
	rootObject = AD2DCC6121A7F0F8008C28ED /* Project object */;
}
